
Microsoft Visual Studio Solution File, Format Version 12.00
# Visual Studio Version 16
VisualStudioVersion = 16.0.31205.134
MinimumVisualStudioVersion = 10.0.40219.1
Project("{8BC9CEB8-8B4A-11D0-8D11-00A0C91BC942}") = "0512Cpp", "0512Cpp\0512Cpp.vcxproj", "{CA475634-F102-44AC-BBC0-17D97A9C1BB0}"
EndProject
Global
	GlobalSection(SolutionConfigurationPlatforms) = preSolution
		Debug|x64 = Debug|x64
		Debug|x86 = Debug|x86
		Release|x64 = Release|x64
		Release|x86 = Release|x86
	EndGlobalSection
	GlobalSection(ProjectConfigurationPlatforms) = postSolution
		{CA475634-F102-44AC-BBC0-17D97A9C1BB0}.Debug|x64.ActiveCfg = Debug|x64
		{CA475634-F102-44AC-BBC0-17D97A9C1BB0}.Debug|x64.Build.0 = Debug|x64
		{CA475634-F102-44AC-BBC0-17D97A9C1BB0}.Debug|x86.ActiveCfg = Debug|Win32
		{CA475634-F102-44AC-BBC0-17D97A9C1BB0}.Debug|x86.Build.0 = Debug|Win32
		{CA475634-F102-44AC-BBC0-17D97A9C1BB0}.Release|x64.ActiveCfg = Release|x64
		{CA475634-F102-44AC-BBC0-17D97A9C1BB0}.Release|x64.Build.0 = Release|x64
		{CA475634-F102-44AC-BBC0-17D97A9C1BB0}.Release|x86.ActiveCfg = Release|Win32
		{CA475634-F102-44AC-BBC0-17D97A9C1BB0}.Release|x86.Build.0 = Release|Win32
	EndGlobalSection
	GlobalSection(SolutionProperties) = preSolution
		HideSolutionNode = FALSE
	EndGlobalSection
	GlobalSection(ExtensibilityGlobals) = postSolution
		SolutionGuid = {422A1E96-CEEC-4D80-ABBF-FEA215C667AB}
	EndGlobalSection
EndGlobal
